
Microsoft Visual Studio Solution File, Format Version 11.00
# Visual C# Express 2010
Project("{FAE04EC0-301F-11D3-BF4B-00C04F79EFBC}") = "Life", "Life\Life.csproj", "{B27B9DBC-8904-4B3A-BC63-D13481F09FDB}"
EndProject
Project("{FAE04EC0-301F-11D3-BF4B-00C04F79EFBC}") = "LifeWpfClient", "LifeWpfClient\LifeWpfClient.csproj", "{D96F2DEF-1C90-488C-8F46-67EAE75DA80E}"
EndProject
Project("{FAE04EC0-301F-11D3-BF4B-00C04F79EFBC}") = "LifeConsoleClient", "LifeConsoleClient\LifeConsoleClient.csproj", "{F2D370E0-86E6-451E-B01A-52D9EC41C28D}"
EndProject
Project("{FAE04EC0-301F-11D3-BF4B-00C04F79EFBC}") = "HexagonTest", "HexagonTest\HexagonTest.csproj", "{D7CC5AB3-7A70-4FA2-8767-91BDC564AA1D}"
EndProject
Global
	GlobalSection(SolutionConfigurationPlatforms) = preSolution
		Debug|Any CPU = Debug|Any CPU
		Debug|Mixed Platforms = Debug|Mixed Platforms
		Debug|x86 = Debug|x86
		Release|Any CPU = Release|Any CPU
		Release|Mixed Platforms = Release|Mixed Platforms
		Release|x86 = Release|x86
	EndGlobalSection
	GlobalSection(ProjectConfigurationPlatforms) = postSolution
		{B27B9DBC-8904-4B3A-BC63-D13481F09FDB}.Debug|Any CPU.ActiveCfg = Debug|Any CPU
		{B27B9DBC-8904-4B3A-BC63-D13481F09FDB}.Debug|Any CPU.Build.0 = Debug|Any CPU
		{B27B9DBC-8904-4B3A-BC63-D13481F09FDB}.Debug|Mixed Platforms.ActiveCfg = Debug|Any CPU
		{B27B9DBC-8904-4B3A-BC63-D13481F09FDB}.Debug|Mixed Platforms.Build.0 = Debug|Any CPU
		{B27B9DBC-8904-4B3A-BC63-D13481F09FDB}.Debug|x86.ActiveCfg = Debug|Any CPU
		{B27B9DBC-8904-4B3A-BC63-D13481F09FDB}.Release|Any CPU.ActiveCfg = Release|Any CPU
		{B27B9DBC-8904-4B3A-BC63-D13481F09FDB}.Release|Any CPU.Build.0 = Release|Any CPU
		{B27B9DBC-8904-4B3A-BC63-D13481F09FDB}.Release|Mixed Platforms.ActiveCfg = Release|Any CPU
		{B27B9DBC-8904-4B3A-BC63-D13481F09FDB}.Release|Mixed Platforms.Build.0 = Release|Any CPU
		{B27B9DBC-8904-4B3A-BC63-D13481F09FDB}.Release|x86.ActiveCfg = Release|Any CPU
		{D96F2DEF-1C90-488C-8F46-67EAE75DA80E}.Debug|Any CPU.ActiveCfg = Debug|x86
		{D96F2DEF-1C90-488C-8F46-67EAE75DA80E}.Debug|Mixed Platforms.ActiveCfg = Debug|x86
		{D96F2DEF-1C90-488C-8F46-67EAE75DA80E}.Debug|Mixed Platforms.Build.0 = Debug|x86
		{D96F2DEF-1C90-488C-8F46-67EAE75DA80E}.Debug|x86.ActiveCfg = Debug|x86
		{D96F2DEF-1C90-488C-8F46-67EAE75DA80E}.Debug|x86.Build.0 = Debug|x86
		{D96F2DEF-1C90-488C-8F46-67EAE75DA80E}.Release|Any CPU.ActiveCfg = Release|x86
		{D96F2DEF-1C90-488C-8F46-67EAE75DA80E}.Release|Mixed Platforms.ActiveCfg = Release|x86
		{D96F2DEF-1C90-488C-8F46-67EAE75DA80E}.Release|Mixed Platforms.Build.0 = Release|x86
		{D96F2DEF-1C90-488C-8F46-67EAE75DA80E}.Release|x86.ActiveCfg = Release|x86
		{D96F2DEF-1C90-488C-8F46-67EAE75DA80E}.Release|x86.Build.0 = Release|x86
		{F2D370E0-86E6-451E-B01A-52D9EC41C28D}.Debug|Any CPU.ActiveCfg = Debug|x86
		{F2D370E0-86E6-451E-B01A-52D9EC41C28D}.Debug|Mixed Platforms.ActiveCfg = Debug|x86
		{F2D370E0-86E6-451E-B01A-52D9EC41C28D}.Debug|Mixed Platforms.Build.0 = Debug|x86
		{F2D370E0-86E6-451E-B01A-52D9EC41C28D}.Debug|x86.ActiveCfg = Debug|x86
		{F2D370E0-86E6-451E-B01A-52D9EC41C28D}.Debug|x86.Build.0 = Debug|x86
		{F2D370E0-86E6-451E-B01A-52D9EC41C28D}.Release|Any CPU.ActiveCfg = Release|x86
		{F2D370E0-86E6-451E-B01A-52D9EC41C28D}.Release|Mixed Platforms.ActiveCfg = Release|x86
		{F2D370E0-86E6-451E-B01A-52D9EC41C28D}.Release|Mixed Platforms.Build.0 = Release|x86
		{F2D370E0-86E6-451E-B01A-52D9EC41C28D}.Release|x86.ActiveCfg = Release|x86
		{F2D370E0-86E6-451E-B01A-52D9EC41C28D}.Release|x86.Build.0 = Release|x86
		{D7CC5AB3-7A70-4FA2-8767-91BDC564AA1D}.Debug|Any CPU.ActiveCfg = Debug|x86
		{D7CC5AB3-7A70-4FA2-8767-91BDC564AA1D}.Debug|Mixed Platforms.ActiveCfg = Debug|x86
		{D7CC5AB3-7A70-4FA2-8767-91BDC564AA1D}.Debug|Mixed Platforms.Build.0 = Debug|x86
		{D7CC5AB3-7A70-4FA2-8767-91BDC564AA1D}.Debug|x86.ActiveCfg = Debug|x86
		{D7CC5AB3-7A70-4FA2-8767-91BDC564AA1D}.Debug|x86.Build.0 = Debug|x86
		{D7CC5AB3-7A70-4FA2-8767-91BDC564AA1D}.Release|Any CPU.ActiveCfg = Release|x86
		{D7CC5AB3-7A70-4FA2-8767-91BDC564AA1D}.Release|Mixed Platforms.ActiveCfg = Release|x86
		{D7CC5AB3-7A70-4FA2-8767-91BDC564AA1D}.Release|Mixed Platforms.Build.0 = Release|x86
		{D7CC5AB3-7A70-4FA2-8767-91BDC564AA1D}.Release|x86.ActiveCfg = Release|x86
		{D7CC5AB3-7A70-4FA2-8767-91BDC564AA1D}.Release|x86.Build.0 = Release|x86
	EndGlobalSection
	GlobalSection(SolutionProperties) = preSolution
		HideSolutionNode = FALSE
	EndGlobalSection
EndGlobal
